
Microsoft Visual Studio Solution File, Format Version 12.00
# Visual Studio Version 17
VisualStudioVersion = 17.2.32519.379
MinimumVisualStudioVersion = 10.0.40219.1
Project("{FAE04EC0-301F-11D3-BF4B-00C04F79EFBC}") = "game_obj", "game_obj.csproj", "{D5DE8AEC-5AD1-4B6D-88EE-51BC9B6A43F8}"
EndProject
Global
	GlobalSection(SolutionConfigurationPlatforms) = preSolution
		Debug|Any CPU = Debug|Any CPU
		Release|Any CPU = Release|Any CPU
	EndGlobalSection
	GlobalSection(ProjectConfigurationPlatforms) = postSolution
		{D5DE8AEC-5AD1-4B6D-88EE-51BC9B6A43F8}.Debug|Any CPU.ActiveCfg = Debug|Any CPU
		{D5DE8AEC-5AD1-4B6D-88EE-51BC9B6A43F8}.Debug|Any CPU.Build.0 = Debug|Any CPU
		{D5DE8AEC-5AD1-4B6D-88EE-51BC9B6A43F8}.Release|Any CPU.ActiveCfg = Release|Any CPU
		{D5DE8AEC-5AD1-4B6D-88EE-51BC9B6A43F8}.Release|Any CPU.Build.0 = Release|Any CPU
	EndGlobalSection
	GlobalSection(SolutionProperties) = preSolution
		HideSolutionNode = FALSE
	EndGlobalSection
	GlobalSection(ExtensibilityGlobals) = postSolution
		SolutionGuid = {8ABF8504-0FC4-455D-B54F-4FC973275862}
	EndGlobalSection
EndGlobal
